
Microsoft Visual Studio Solution File, Format Version 12.00
# Visual Studio 15
VisualStudioVersion = 15.0.28307.960
MinimumVisualStudioVersion = 10.0.40219.1
Project("{FAE04EC0-301F-11D3-BF4B-00C04F79EFBC}") = "Calc", "Calc\Calc.csproj", "{1C2DDA90-585C-4CF8-B347-91B76CF24E3C}"
EndProject
Project("{FAE04EC0-301F-11D3-BF4B-00C04F79EFBC}") = "CalcSwitch", "CalcSwitch\CalcSwitch.csproj", "{E7323F20-A194-4CEA-B6BA-345C77998B25}"
EndProject
Global
	GlobalSection(SolutionConfigurationPlatforms) = preSolution
		Debug|Any CPU = Debug|Any CPU
		Release|Any CPU = Release|Any CPU
	EndGlobalSection
	GlobalSection(ProjectConfigurationPlatforms) = postSolution
		{1C2DDA90-585C-4CF8-B347-91B76CF24E3C}.Debug|Any CPU.ActiveCfg = Debug|Any CPU
		{1C2DDA90-585C-4CF8-B347-91B76CF24E3C}.Debug|Any CPU.Build.0 = Debug|Any CPU
		{1C2DDA90-585C-4CF8-B347-91B76CF24E3C}.Release|Any CPU.ActiveCfg = Release|Any CPU
		{1C2DDA90-585C-4CF8-B347-91B76CF24E3C}.Release|Any CPU.Build.0 = Release|Any CPU
		{E7323F20-A194-4CEA-B6BA-345C77998B25}.Debug|Any CPU.ActiveCfg = Debug|Any CPU
		{E7323F20-A194-4CEA-B6BA-345C77998B25}.Debug|Any CPU.Build.0 = Debug|Any CPU
		{E7323F20-A194-4CEA-B6BA-345C77998B25}.Release|Any CPU.ActiveCfg = Release|Any CPU
		{E7323F20-A194-4CEA-B6BA-345C77998B25}.Release|Any CPU.Build.0 = Release|Any CPU
	EndGlobalSection
	GlobalSection(SolutionProperties) = preSolution
		HideSolutionNode = FALSE
	EndGlobalSection
	GlobalSection(ExtensibilityGlobals) = postSolution
		SolutionGuid = {F8D32BDF-7C55-4E76-8BA2-91A46901840D}
	EndGlobalSection
EndGlobal
