
Microsoft Visual Studio Solution File, Format Version 12.00
# Visual Studio 15
VisualStudioVersion = 15.0.28307.960
MinimumVisualStudioVersion = 10.0.40219.1
Project("{FAE04EC0-301F-11D3-BF4B-00C04F79EFBC}") = "BeOnMax", "BeOnMax\BeOnMax.csproj", "{97FC61D8-1E7A-4299-80AB-B7C2D51D9B80}"
EndProject
Project("{FAE04EC0-301F-11D3-BF4B-00C04F79EFBC}") = "Profil", "Profil\Profil.csproj", "{930ED322-59FB-4189-8945-396939034351}"
EndProject
Project("{FAE04EC0-301F-11D3-BF4B-00C04F79EFBC}") = "Max", "Max\Max.csproj", "{9AE8B9E6-4172-4243-97BA-AD24C887F84B}"
EndProject
Project("{FAE04EC0-301F-11D3-BF4B-00C04F79EFBC}") = "Average", "Average\Average.csproj", "{F58512FB-7F7C-4207-A42E-DD51E9AAE761}"
EndProject
Project("{FAE04EC0-301F-11D3-BF4B-00C04F79EFBC}") = "Faktorial", "Faktorial\Faktorial.csproj", "{3BCA169C-8841-41FE-A30A-71D6B179D302}"
EndProject
Project("{FAE04EC0-301F-11D3-BF4B-00C04F79EFBC}") = "Authentication", "Authentication\Authentication.csproj", "{AA4C7DAF-F95F-442C-B440-DD6160B3E42F}"
EndProject
Project("{FAE04EC0-301F-11D3-BF4B-00C04F79EFBC}") = "Rim", "Rim\Rim.csproj", "{DCE703A1-24F0-4A6C-BAB1-6F59991408D3}"
EndProject
Project("{FAE04EC0-301F-11D3-BF4B-00C04F79EFBC}") = "RimReshenie", "RimReshenie\RimReshenie.csproj", "{C621608F-A1F8-4D13-9FC4-8A385478C9A2}"
EndProject
Global
	GlobalSection(SolutionConfigurationPlatforms) = preSolution
		Debug|Any CPU = Debug|Any CPU
		Release|Any CPU = Release|Any CPU
	EndGlobalSection
	GlobalSection(ProjectConfigurationPlatforms) = postSolution
		{97FC61D8-1E7A-4299-80AB-B7C2D51D9B80}.Debug|Any CPU.ActiveCfg = Debug|Any CPU
		{97FC61D8-1E7A-4299-80AB-B7C2D51D9B80}.Debug|Any CPU.Build.0 = Debug|Any CPU
		{97FC61D8-1E7A-4299-80AB-B7C2D51D9B80}.Release|Any CPU.ActiveCfg = Release|Any CPU
		{97FC61D8-1E7A-4299-80AB-B7C2D51D9B80}.Release|Any CPU.Build.0 = Release|Any CPU
		{930ED322-59FB-4189-8945-396939034351}.Debug|Any CPU.ActiveCfg = Debug|Any CPU
		{930ED322-59FB-4189-8945-396939034351}.Debug|Any CPU.Build.0 = Debug|Any CPU
		{930ED322-59FB-4189-8945-396939034351}.Release|Any CPU.ActiveCfg = Release|Any CPU
		{930ED322-59FB-4189-8945-396939034351}.Release|Any CPU.Build.0 = Release|Any CPU
		{9AE8B9E6-4172-4243-97BA-AD24C887F84B}.Debug|Any CPU.ActiveCfg = Debug|Any CPU
		{9AE8B9E6-4172-4243-97BA-AD24C887F84B}.Debug|Any CPU.Build.0 = Debug|Any CPU
		{9AE8B9E6-4172-4243-97BA-AD24C887F84B}.Release|Any CPU.ActiveCfg = Release|Any CPU
		{9AE8B9E6-4172-4243-97BA-AD24C887F84B}.Release|Any CPU.Build.0 = Release|Any CPU
		{F58512FB-7F7C-4207-A42E-DD51E9AAE761}.Debug|Any CPU.ActiveCfg = Debug|Any CPU
		{F58512FB-7F7C-4207-A42E-DD51E9AAE761}.Debug|Any CPU.Build.0 = Debug|Any CPU
		{F58512FB-7F7C-4207-A42E-DD51E9AAE761}.Release|Any CPU.ActiveCfg = Release|Any CPU
		{F58512FB-7F7C-4207-A42E-DD51E9AAE761}.Release|Any CPU.Build.0 = Release|Any CPU
		{3BCA169C-8841-41FE-A30A-71D6B179D302}.Debug|Any CPU.ActiveCfg = Debug|Any CPU
		{3BCA169C-8841-41FE-A30A-71D6B179D302}.Debug|Any CPU.Build.0 = Debug|Any CPU
		{3BCA169C-8841-41FE-A30A-71D6B179D302}.Release|Any CPU.ActiveCfg = Release|Any CPU
		{3BCA169C-8841-41FE-A30A-71D6B179D302}.Release|Any CPU.Build.0 = Release|Any CPU
		{AA4C7DAF-F95F-442C-B440-DD6160B3E42F}.Debug|Any CPU.ActiveCfg = Debug|Any CPU
		{AA4C7DAF-F95F-442C-B440-DD6160B3E42F}.Debug|Any CPU.Build.0 = Debug|Any CPU
		{AA4C7DAF-F95F-442C-B440-DD6160B3E42F}.Release|Any CPU.ActiveCfg = Release|Any CPU
		{AA4C7DAF-F95F-442C-B440-DD6160B3E42F}.Release|Any CPU.Build.0 = Release|Any CPU
		{DCE703A1-24F0-4A6C-BAB1-6F59991408D3}.Debug|Any CPU.ActiveCfg = Debug|Any CPU
		{DCE703A1-24F0-4A6C-BAB1-6F59991408D3}.Debug|Any CPU.Build.0 = Debug|Any CPU
		{DCE703A1-24F0-4A6C-BAB1-6F59991408D3}.Release|Any CPU.ActiveCfg = Release|Any CPU
		{DCE703A1-24F0-4A6C-BAB1-6F59991408D3}.Release|Any CPU.Build.0 = Release|Any CPU
		{C621608F-A1F8-4D13-9FC4-8A385478C9A2}.Debug|Any CPU.ActiveCfg = Debug|Any CPU
		{C621608F-A1F8-4D13-9FC4-8A385478C9A2}.Debug|Any CPU.Build.0 = Debug|Any CPU
		{C621608F-A1F8-4D13-9FC4-8A385478C9A2}.Release|Any CPU.ActiveCfg = Release|Any CPU
		{C621608F-A1F8-4D13-9FC4-8A385478C9A2}.Release|Any CPU.Build.0 = Release|Any CPU
	EndGlobalSection
	GlobalSection(SolutionProperties) = preSolution
		HideSolutionNode = FALSE
	EndGlobalSection
	GlobalSection(ExtensibilityGlobals) = postSolution
		SolutionGuid = {25B99FB3-3A26-4F2C-A004-9AC46D7A9CD1}
	EndGlobalSection
EndGlobal
