
Microsoft Visual Studio Solution File, Format Version 12.00
# Visual Studio 15
VisualStudioVersion = 15.0.28307.960
MinimumVisualStudioVersion = 10.0.40219.1
Project("{FAE04EC0-301F-11D3-BF4B-00C04F79EFBC}") = "MaxChisloKratSemi", "MaxChisloKratSemi\MaxChisloKratSemi.csproj", "{DF9E090F-3C84-4BD3-9CD3-32001965446C}"
EndProject
Global
	GlobalSection(SolutionConfigurationPlatforms) = preSolution
		Debug|Any CPU = Debug|Any CPU
		Release|Any CPU = Release|Any CPU
	EndGlobalSection
	GlobalSection(ProjectConfigurationPlatforms) = postSolution
		{DF9E090F-3C84-4BD3-9CD3-32001965446C}.Debug|Any CPU.ActiveCfg = Debug|Any CPU
		{DF9E090F-3C84-4BD3-9CD3-32001965446C}.Debug|Any CPU.Build.0 = Debug|Any CPU
		{DF9E090F-3C84-4BD3-9CD3-32001965446C}.Release|Any CPU.ActiveCfg = Release|Any CPU
		{DF9E090F-3C84-4BD3-9CD3-32001965446C}.Release|Any CPU.Build.0 = Release|Any CPU
	EndGlobalSection
	GlobalSection(SolutionProperties) = preSolution
		HideSolutionNode = FALSE
	EndGlobalSection
	GlobalSection(ExtensibilityGlobals) = postSolution
		SolutionGuid = {551F1277-0019-4CE2-A58F-9D99111F8124}
	EndGlobalSection
EndGlobal
