
Microsoft Visual Studio Solution File, Format Version 12.00
# Visual Studio 15
VisualStudioVersion = 15.0.28307.960
MinimumVisualStudioVersion = 10.0.40219.1
Project("{FAE04EC0-301F-11D3-BF4B-00C04F79EFBC}") = "Sherenga", "Sherenga\Sherenga.csproj", "{2AFEBF68-B1CE-484B-BBC5-B5BA25D0DFBF}"
EndProject
Global
	GlobalSection(SolutionConfigurationPlatforms) = preSolution
		Debug|Any CPU = Debug|Any CPU
		Release|Any CPU = Release|Any CPU
	EndGlobalSection
	GlobalSection(ProjectConfigurationPlatforms) = postSolution
		{2AFEBF68-B1CE-484B-BBC5-B5BA25D0DFBF}.Debug|Any CPU.ActiveCfg = Debug|Any CPU
		{2AFEBF68-B1CE-484B-BBC5-B5BA25D0DFBF}.Debug|Any CPU.Build.0 = Debug|Any CPU
		{2AFEBF68-B1CE-484B-BBC5-B5BA25D0DFBF}.Release|Any CPU.ActiveCfg = Release|Any CPU
		{2AFEBF68-B1CE-484B-BBC5-B5BA25D0DFBF}.Release|Any CPU.Build.0 = Release|Any CPU
	EndGlobalSection
	GlobalSection(SolutionProperties) = preSolution
		HideSolutionNode = FALSE
	EndGlobalSection
	GlobalSection(ExtensibilityGlobals) = postSolution
		SolutionGuid = {7D6BCCB7-23CB-45AF-A3EA-77301E4683E5}
	EndGlobalSection
EndGlobal
