
Microsoft Visual Studio Solution File, Format Version 12.00
# Visual Studio 15
VisualStudioVersion = 15.0.28307.960
MinimumVisualStudioVersion = 10.0.40219.1
Project("{FAE04EC0-301F-11D3-BF4B-00C04F79EFBC}") = "PerestavSosedElem", "PerestavSosedElem\PerestavSosedElem.csproj", "{1A4CECB4-D8FE-4479-9CD4-CBB09A1D1526}"
EndProject
Global
	GlobalSection(SolutionConfigurationPlatforms) = preSolution
		Debug|Any CPU = Debug|Any CPU
		Release|Any CPU = Release|Any CPU
	EndGlobalSection
	GlobalSection(ProjectConfigurationPlatforms) = postSolution
		{1A4CECB4-D8FE-4479-9CD4-CBB09A1D1526}.Debug|Any CPU.ActiveCfg = Debug|Any CPU
		{1A4CECB4-D8FE-4479-9CD4-CBB09A1D1526}.Debug|Any CPU.Build.0 = Debug|Any CPU
		{1A4CECB4-D8FE-4479-9CD4-CBB09A1D1526}.Release|Any CPU.ActiveCfg = Release|Any CPU
		{1A4CECB4-D8FE-4479-9CD4-CBB09A1D1526}.Release|Any CPU.Build.0 = Release|Any CPU
	EndGlobalSection
	GlobalSection(SolutionProperties) = preSolution
		HideSolutionNode = FALSE
	EndGlobalSection
	GlobalSection(ExtensibilityGlobals) = postSolution
		SolutionGuid = {22E19A28-D0E5-4269-BCB3-C776A203EA4C}
	EndGlobalSection
EndGlobal
